
Microsoft Visual Studio Solution File, Format Version 12.00
# Visual Studio 2013
VisualStudioVersion = 12.0.31101.0
MinimumVisualStudioVersion = 10.0.40219.1
Project("{FAE04EC0-301F-11D3-BF4B-00C04F79EFBC}") = "SensorTag", "SensorTag\SensorTag.csproj", "{AE6721B4-3DB2-4CE1-9BCF-4BF2D025AFB8}"
EndProject
Project("{CC5FD16D-436D-48AD-A40C-5A424C6E3E79}") = "SensorTag.CloudService", "SensorTag.CloudService\SensorTag.CloudService.ccproj", "{E9DCFB40-BA71-4BE5-9D1E-B00596FAFCB6}"
EndProject
Project("{FAE04EC0-301F-11D3-BF4B-00C04F79EFBC}") = "WorkerRoleWithSB", "WorkerRoleWithSB\WorkerRoleWithSB.csproj", "{60DE8A76-B23A-4F63-A976-6372ED9DDA98}"
EndProject
Project("{2150E333-8FDC-42A3-9474-1A3956D46DE8}") = "Libraries", "Libraries", "{37A1F257-2415-45A1-A2AE-9E2A543DA1DC}"
	ProjectSection(SolutionItems) = preProject
		Libraries\X2CodingLab.SensorTag.dll = Libraries\X2CodingLab.SensorTag.dll
	EndProjectSection
EndProject
Project("{2150E333-8FDC-42A3-9474-1A3956D46DE8}") = "StreamAnalytics", "StreamAnalytics", "{E207B8F1-34BB-4B6B-BF49-5C9BDED0F77F}"
	ProjectSection(SolutionItems) = preProject
		StreamAnalytics\AlertQuery.sql = StreamAnalytics\AlertQuery.sql
	EndProjectSection
EndProject
Global
	GlobalSection(SolutionConfigurationPlatforms) = preSolution
		Debug|Any CPU = Debug|Any CPU
		Debug|ARM = Debug|ARM
		Debug|x64 = Debug|x64
		Debug|x86 = Debug|x86
		Release|Any CPU = Release|Any CPU
		Release|ARM = Release|ARM
		Release|x64 = Release|x64
		Release|x86 = Release|x86
	EndGlobalSection
	GlobalSection(ProjectConfigurationPlatforms) = postSolution
		{AE6721B4-3DB2-4CE1-9BCF-4BF2D025AFB8}.Debug|Any CPU.ActiveCfg = Debug|Any CPU
		{AE6721B4-3DB2-4CE1-9BCF-4BF2D025AFB8}.Debug|Any CPU.Build.0 = Debug|Any CPU
		{AE6721B4-3DB2-4CE1-9BCF-4BF2D025AFB8}.Debug|Any CPU.Deploy.0 = Debug|Any CPU
		{AE6721B4-3DB2-4CE1-9BCF-4BF2D025AFB8}.Debug|ARM.ActiveCfg = Debug|ARM
		{AE6721B4-3DB2-4CE1-9BCF-4BF2D025AFB8}.Debug|ARM.Build.0 = Debug|ARM
		{AE6721B4-3DB2-4CE1-9BCF-4BF2D025AFB8}.Debug|ARM.Deploy.0 = Debug|ARM
		{AE6721B4-3DB2-4CE1-9BCF-4BF2D025AFB8}.Debug|x64.ActiveCfg = Debug|Any CPU
		{AE6721B4-3DB2-4CE1-9BCF-4BF2D025AFB8}.Debug|x86.ActiveCfg = Debug|x86
		{AE6721B4-3DB2-4CE1-9BCF-4BF2D025AFB8}.Debug|x86.Build.0 = Debug|x86
		{AE6721B4-3DB2-4CE1-9BCF-4BF2D025AFB8}.Debug|x86.Deploy.0 = Debug|x86
		{AE6721B4-3DB2-4CE1-9BCF-4BF2D025AFB8}.Release|Any CPU.ActiveCfg = Release|Any CPU
		{AE6721B4-3DB2-4CE1-9BCF-4BF2D025AFB8}.Release|Any CPU.Build.0 = Release|Any CPU
		{AE6721B4-3DB2-4CE1-9BCF-4BF2D025AFB8}.Release|Any CPU.Deploy.0 = Release|Any CPU
		{AE6721B4-3DB2-4CE1-9BCF-4BF2D025AFB8}.Release|ARM.ActiveCfg = Release|ARM
		{AE6721B4-3DB2-4CE1-9BCF-4BF2D025AFB8}.Release|ARM.Build.0 = Release|ARM
		{AE6721B4-3DB2-4CE1-9BCF-4BF2D025AFB8}.Release|ARM.Deploy.0 = Release|ARM
		{AE6721B4-3DB2-4CE1-9BCF-4BF2D025AFB8}.Release|x64.ActiveCfg = Release|Any CPU
		{AE6721B4-3DB2-4CE1-9BCF-4BF2D025AFB8}.Release|x86.ActiveCfg = Release|x86
		{AE6721B4-3DB2-4CE1-9BCF-4BF2D025AFB8}.Release|x86.Build.0 = Release|x86
		{AE6721B4-3DB2-4CE1-9BCF-4BF2D025AFB8}.Release|x86.Deploy.0 = Release|x86
		{E9DCFB40-BA71-4BE5-9D1E-B00596FAFCB6}.Debug|Any CPU.ActiveCfg = Debug|Any CPU
		{E9DCFB40-BA71-4BE5-9D1E-B00596FAFCB6}.Debug|Any CPU.Build.0 = Debug|Any CPU
		{E9DCFB40-BA71-4BE5-9D1E-B00596FAFCB6}.Debug|ARM.ActiveCfg = Debug|Any CPU
		{E9DCFB40-BA71-4BE5-9D1E-B00596FAFCB6}.Debug|x64.ActiveCfg = Debug|Any CPU
		{E9DCFB40-BA71-4BE5-9D1E-B00596FAFCB6}.Debug|x86.ActiveCfg = Debug|Any CPU
		{E9DCFB40-BA71-4BE5-9D1E-B00596FAFCB6}.Release|Any CPU.ActiveCfg = Release|Any CPU
		{E9DCFB40-BA71-4BE5-9D1E-B00596FAFCB6}.Release|Any CPU.Build.0 = Release|Any CPU
		{E9DCFB40-BA71-4BE5-9D1E-B00596FAFCB6}.Release|ARM.ActiveCfg = Release|Any CPU
		{E9DCFB40-BA71-4BE5-9D1E-B00596FAFCB6}.Release|x64.ActiveCfg = Release|Any CPU
		{E9DCFB40-BA71-4BE5-9D1E-B00596FAFCB6}.Release|x86.ActiveCfg = Release|Any CPU
		{60DE8A76-B23A-4F63-A976-6372ED9DDA98}.Debug|Any CPU.ActiveCfg = Debug|Any CPU
		{60DE8A76-B23A-4F63-A976-6372ED9DDA98}.Debug|Any CPU.Build.0 = Debug|Any CPU
		{60DE8A76-B23A-4F63-A976-6372ED9DDA98}.Debug|ARM.ActiveCfg = Debug|Any CPU
		{60DE8A76-B23A-4F63-A976-6372ED9DDA98}.Debug|x64.ActiveCfg = Debug|Any CPU
		{60DE8A76-B23A-4F63-A976-6372ED9DDA98}.Debug|x86.ActiveCfg = Debug|Any CPU
		{60DE8A76-B23A-4F63-A976-6372ED9DDA98}.Release|Any CPU.ActiveCfg = Release|Any CPU
		{60DE8A76-B23A-4F63-A976-6372ED9DDA98}.Release|Any CPU.Build.0 = Release|Any CPU
		{60DE8A76-B23A-4F63-A976-6372ED9DDA98}.Release|ARM.ActiveCfg = Release|Any CPU
		{60DE8A76-B23A-4F63-A976-6372ED9DDA98}.Release|x64.ActiveCfg = Release|Any CPU
		{60DE8A76-B23A-4F63-A976-6372ED9DDA98}.Release|x86.ActiveCfg = Release|Any CPU
	EndGlobalSection
	GlobalSection(SolutionProperties) = preSolution
		HideSolutionNode = FALSE
	EndGlobalSection
EndGlobal
